
Microsoft Visual Studio Solution File, Format Version 12.00
# Visual Studio Version 16
VisualStudioVersion = 16.0.30114.105
MinimumVisualStudioVersion = 10.0.40219.1
Project("{2150E333-8FDC-42A3-9474-1A3956D46DE8}") = "src", "src", "{89E888BC-808A-4CF8-94AD-1EEC09F6268E}"
EndProject
Project("{FAE04EC0-301F-11D3-BF4B-00C04F79EFBC}") = "Diamonds.Domain", "src\domain\Diamonds.Domain.csproj", "{687151B6-D1A4-4605-AAB9-520E50053CCE}"
EndProject
Project("{FAE04EC0-301F-11D3-BF4B-00C04F79EFBC}") = "Diamonds.Test", "test\Diamonds.Test.csproj", "{7C880AA5-0447-4CB8-971C-39FE0B880175}"
EndProject
Global
	GlobalSection(SolutionConfigurationPlatforms) = preSolution
		Debug|Any CPU = Debug|Any CPU
		Release|Any CPU = Release|Any CPU
	EndGlobalSection
	GlobalSection(SolutionProperties) = preSolution
		HideSolutionNode = FALSE
	EndGlobalSection
	GlobalSection(ProjectConfigurationPlatforms) = postSolution
		{687151B6-D1A4-4605-AAB9-520E50053CCE}.Debug|Any CPU.ActiveCfg = Debug|Any CPU
		{687151B6-D1A4-4605-AAB9-520E50053CCE}.Debug|Any CPU.Build.0 = Debug|Any CPU
		{687151B6-D1A4-4605-AAB9-520E50053CCE}.Release|Any CPU.ActiveCfg = Release|Any CPU
		{687151B6-D1A4-4605-AAB9-520E50053CCE}.Release|Any CPU.Build.0 = Release|Any CPU
		{7C880AA5-0447-4CB8-971C-39FE0B880175}.Debug|Any CPU.ActiveCfg = Debug|Any CPU
		{7C880AA5-0447-4CB8-971C-39FE0B880175}.Debug|Any CPU.Build.0 = Debug|Any CPU
		{7C880AA5-0447-4CB8-971C-39FE0B880175}.Release|Any CPU.ActiveCfg = Release|Any CPU
		{7C880AA5-0447-4CB8-971C-39FE0B880175}.Release|Any CPU.Build.0 = Release|Any CPU
	EndGlobalSection
	GlobalSection(NestedProjects) = preSolution
		{687151B6-D1A4-4605-AAB9-520E50053CCE} = {89E888BC-808A-4CF8-94AD-1EEC09F6268E}
	EndGlobalSection
EndGlobal
